
Microsoft Visual Studio Solution File, Format Version 12.00
# Visual Studio 14
VisualStudioVersion = 14.0.23107.0
MinimumVisualStudioVersion = 10.0.40219.1
Project("{FAE04EC0-301F-11D3-BF4B-00C04F79EFBC}") = "SSE", "SSE\SSE.csproj", "{B66C29A4-342D-41B3-A076-F01DA6D0B106}"
EndProject
Project("{FAE04EC0-301F-11D3-BF4B-00C04F79EFBC}") = "ScriptCore", "ScriptCore\ScriptCore.csproj", "{D6617CE2-3DA1-4148-A449-E298D4E9A4A0}"
EndProject
Project("{FAE04EC0-301F-11D3-BF4B-00C04F79EFBC}") = "ScriptCoreTests", "ScriptCoreTests\ScriptCoreTests.csproj", "{12763CED-EC46-47E4-A3EA-30DF64115301}"
EndProject
Project("{FAE04EC0-301F-11D3-BF4B-00C04F79EFBC}") = "Scripts", "Scripts\Scripts.csproj", "{260FF14A-721F-4B80-B6C0-4F29876C9EFC}"
EndProject
Global
	GlobalSection(SolutionConfigurationPlatforms) = preSolution
		Debug|Any CPU = Debug|Any CPU
		Release|Any CPU = Release|Any CPU
	EndGlobalSection
	GlobalSection(ProjectConfigurationPlatforms) = postSolution
		{B66C29A4-342D-41B3-A076-F01DA6D0B106}.Debug|Any CPU.ActiveCfg = Debug|Any CPU
		{B66C29A4-342D-41B3-A076-F01DA6D0B106}.Debug|Any CPU.Build.0 = Debug|Any CPU
		{B66C29A4-342D-41B3-A076-F01DA6D0B106}.Release|Any CPU.ActiveCfg = Release|Any CPU
		{B66C29A4-342D-41B3-A076-F01DA6D0B106}.Release|Any CPU.Build.0 = Release|Any CPU
		{D6617CE2-3DA1-4148-A449-E298D4E9A4A0}.Debug|Any CPU.ActiveCfg = Debug|Any CPU
		{D6617CE2-3DA1-4148-A449-E298D4E9A4A0}.Debug|Any CPU.Build.0 = Debug|Any CPU
		{D6617CE2-3DA1-4148-A449-E298D4E9A4A0}.Release|Any CPU.ActiveCfg = Release|Any CPU
		{D6617CE2-3DA1-4148-A449-E298D4E9A4A0}.Release|Any CPU.Build.0 = Release|Any CPU
		{12763CED-EC46-47E4-A3EA-30DF64115301}.Debug|Any CPU.ActiveCfg = Debug|Any CPU
		{12763CED-EC46-47E4-A3EA-30DF64115301}.Debug|Any CPU.Build.0 = Debug|Any CPU
		{12763CED-EC46-47E4-A3EA-30DF64115301}.Release|Any CPU.ActiveCfg = Release|Any CPU
		{12763CED-EC46-47E4-A3EA-30DF64115301}.Release|Any CPU.Build.0 = Release|Any CPU
		{260FF14A-721F-4B80-B6C0-4F29876C9EFC}.Debug|Any CPU.ActiveCfg = Debug|Any CPU
		{260FF14A-721F-4B80-B6C0-4F29876C9EFC}.Debug|Any CPU.Build.0 = Debug|Any CPU
		{260FF14A-721F-4B80-B6C0-4F29876C9EFC}.Release|Any CPU.ActiveCfg = Release|Any CPU
		{260FF14A-721F-4B80-B6C0-4F29876C9EFC}.Release|Any CPU.Build.0 = Release|Any CPU
	EndGlobalSection
	GlobalSection(SolutionProperties) = preSolution
		HideSolutionNode = FALSE
	EndGlobalSection
EndGlobal
